
Microsoft Visual Studio Solution File, Format Version 9.00
# Visual Studio 2005
Project("{8BC9CEB8-8B4A-11D0-8D11-00A0C91BC942}") = "XBrackets", "XBrackets_VC8.vcproj", "{A74E350F-747A-471F-8B36-C8F97FA2A1AF}"
EndProject
Global
	GlobalSection(SolutionConfigurationPlatforms) = preSolution
		Debug (ANSI)|Win32 = Debug (ANSI)|Win32
		Debug|Win32 = Debug|Win32
		Release (ANSI)|Win32 = Release (ANSI)|Win32
		Release|Win32 = Release|Win32
	EndGlobalSection
	GlobalSection(ProjectConfigurationPlatforms) = postSolution
		{A74E350F-747A-471F-8B36-C8F97FA2A1AF}.Debug (ANSI)|Win32.ActiveCfg = Debug (ANSI)|Win32
		{A74E350F-747A-471F-8B36-C8F97FA2A1AF}.Debug (ANSI)|Win32.Build.0 = Debug (ANSI)|Win32
		{A74E350F-747A-471F-8B36-C8F97FA2A1AF}.Debug|Win32.ActiveCfg = Debug|Win32
		{A74E350F-747A-471F-8B36-C8F97FA2A1AF}.Debug|Win32.Build.0 = Debug|Win32
		{A74E350F-747A-471F-8B36-C8F97FA2A1AF}.Release (ANSI)|Win32.ActiveCfg = Release (ANSI)|Win32
		{A74E350F-747A-471F-8B36-C8F97FA2A1AF}.Release (ANSI)|Win32.Build.0 = Release (ANSI)|Win32
		{A74E350F-747A-471F-8B36-C8F97FA2A1AF}.Release|Win32.ActiveCfg = Release|Win32
		{A74E350F-747A-471F-8B36-C8F97FA2A1AF}.Release|Win32.Build.0 = Release|Win32
	EndGlobalSection
	GlobalSection(SolutionProperties) = preSolution
		HideSolutionNode = FALSE
	EndGlobalSection
EndGlobal
