<?xml version="1.0" encoding="utf-8"?>
<Project ToolsVersion="4.0" xmlns="http://schemas.microsoft.com/developer/msbuild/2003">
  <ItemGroup>
    <Filter Include="Source Files">
      <UniqueIdentifier>{6950DD6C-8A14-43F0-BB91-6F6A97A059E9}</UniqueIdentifier>
      <Extensions>cpp;c;cc;cxx;def;odl;idl;hpj;bat;asm;asmx</Extensions>
    </Filter>
    <Filter Include="Header Files">
      <UniqueIdentifier>{11774508-E2CE-42FC-922C-356B9BEE88D6}</UniqueIdentifier>
      <Extensions>h;hpp;hxx;hm;inl;inc;xsd</Extensions>
    </Filter>
    <Filter Include="Resource Files">
      <UniqueIdentifier>{489FB384-D102-43EE-B1F5-6289EC61D5CB}</UniqueIdentifier>
      <Extensions>rc;ico;cur;bmp;dlg;rc2;rct;bin;rgs;gif;jpg;jpeg;jpe;resx;tiff;tif;png;wav</Extensions>
    </Filter>
    <Filter Include="Header Files\core">
      <UniqueIdentifier>{6317422c-0bf2-4413-ab31-03c5116302dd}</UniqueIdentifier>
    </Filter>
    <Filter Include="Source Files\core">
      <UniqueIdentifier>{ac8c0d99-a88c-4e06-9955-df602ee06eb3}</UniqueIdentifier>
    </Filter>
    <Filter Include="Header Files\PluginCommunication">
      <UniqueIdentifier>{92513950-975d-49a2-8a3c-53e87cb538fb}</UniqueIdentifier>
    </Filter>
  </ItemGroup>
  <ItemGroup>
    <ClCompile Include="src\Main.cpp">
      <Filter>Source Files</Filter>
    </ClCompile>
    <ClCompile Include="src\MsgTester.cpp">
      <Filter>Source Files</Filter>
    </ClCompile>
    <ClCompile Include="src\MsgTesterMenu.cpp">
      <Filter>Source Files</Filter>
    </ClCompile>
    <ClCompile Include="..\XBrackets\src\core\NppMessager.cpp">
      <Filter>Source Files\core</Filter>
    </ClCompile>
    <ClCompile Include="..\XBrackets\src\core\NppPlugin.cpp">
      <Filter>Source Files\core</Filter>
    </ClCompile>
    <ClCompile Include="..\XBrackets\src\core\NppPluginMenu.cpp">
      <Filter>Source Files\core</Filter>
    </ClCompile>
    <ClCompile Include="..\XBrackets\src\core\SciMessager.cpp">
      <Filter>Source Files\core</Filter>
    </ClCompile>
  </ItemGroup>
  <ItemGroup>
    <ClInclude Include="src\MsgTester.h">
      <Filter>Header Files</Filter>
    </ClInclude>
    <ClInclude Include="src\MsgTesterMenu.h">
      <Filter>Header Files</Filter>
    </ClInclude>
    <ClInclude Include="src\XBracketsPluginMsgSender.h">
      <Filter>Header Files</Filter>
    </ClInclude>
    <ClInclude Include="..\XBrackets\src\core\base.h">
      <Filter>Header Files\core</Filter>
    </ClInclude>
    <ClInclude Include="..\XBrackets\src\core\NppMessager.h">
      <Filter>Header Files\core</Filter>
    </ClInclude>
    <ClInclude Include="..\XBrackets\src\core\NppPlugin.h">
      <Filter>Header Files\core</Filter>
    </ClInclude>
    <ClInclude Include="..\XBrackets\src\core\NppPluginMenu.h">
      <Filter>Header Files\core</Filter>
    </ClInclude>
    <ClInclude Include="..\XBrackets\src\core\NppPluginMsgSender.h">
      <Filter>Header Files\core</Filter>
    </ClInclude>
    <ClInclude Include="..\XBrackets\src\core\SciMessager.h">
      <Filter>Header Files\core</Filter>
    </ClInclude>
    <ClInclude Include="..\XBrackets\src\PluginCommunication\xbrackets_msgs.h">
      <Filter>Header Files\PluginCommunication</Filter>
    </ClInclude>
  </ItemGroup>
</Project>